PODS:
  - AiLevelTestKit (0.9.47):
    - BEMCheckBox
    - ExtAudioConverter-Wrapper
    - OCWaveView
    - PINRemoteImage
  - BEMCheckBox (1.4.1)
  - ExtAudioConverter-Wrapper (1.0.3):
    - lame
  - FBSnapshotTestCase (2.1.4):
    - FBSnapshotTestCase/SwiftSupport (= 2.1.4)
  - FBSnapshotTestCase/Core (2.1.4)
  - FBSnapshotTestCase/SwiftSupport (2.1.4):
    - FBSnapshotTestCase/Core
  - iOSSnapshotTestCase (6.2.0):
    - iOSSnapshotTestCase/SwiftSupport (= 6.2.0)
  - iOSSnapshotTestCase/Core (6.2.0)
  - iOSSnapshotTestCase/SwiftSupport (6.2.0):
    - iOSSnapshotTestCase/Core
  - lame (1.0.0)
  - Nimble (9.2.0)
  - Nimble-Snapshots (9.1.0):
    - Nimble-Snapshots/Core (= 9.1.0)
  - Nimble-Snapshots/Core (9.1.0):
    - iOSSnapshotTestCase (~> 6.0)
    - Nimble
  - OCWaveView (0.2.1)
  - PINCache (3.0.3):
    - PINCache/Arc-exception-safe (= 3.0.3)
    - PINCache/Core (= 3.0.3)
  - PINCache/Arc-exception-safe (3.0.3):
    - PINCache/Core
  - PINCache/Core (3.0.3):
    - PINOperation (~> 1.2.1)
  - PINOperation (1.2.1)
  - PINRemoteImage (3.0.3):
    - PINRemoteImage/PINCache (= 3.0.3)
  - PINRemoteImage/Core (3.0.3):
    - PINOperation
  - PINRemoteImage/PINCache (3.0.3):
    - PINCache (~> 3.0.3)
    - PINRemoteImage/Core
  - Quick (4.0.0)

DEPENDENCIES:
  - AiLevelTestKit (from `../`)
  - FBSnapshotTestCase
  - Nimble
  - Nimble-Snapshots
  - Quick

SPEC REPOS:
  trunk:
    - BEMCheckBox
    - ExtAudioConverter-Wrapper
    - FBSnapshotTestCase
    - iOSSnapshotTestCase
    - lame
    - Nimble
    - Nimble-Snapshots
    - OCWaveView
    - PINCache
    - PINOperation
    - PINRemoteImage
    - Quick

EXTERNAL SOURCES:
  AiLevelTestKit:
    :path: "../"

SPEC CHECKSUMS:
  AiLevelTestKit: 2c85fe62b20602568b48070c0091c37f9abe3be7
  BEMCheckBox: 5ba6e37ade3d3657b36caecc35c8b75c6c2b1a4e
  ExtAudioConverter-Wrapper: ea055f59e8740cd1f8036c55eb7e1907c097e7f8
  FBSnapshotTestCase: 094f9f314decbabe373b87cc339bea235a63e07a
  iOSSnapshotTestCase: 9ab44cb5aa62b84d31847f40680112e15ec579a6
  lame: 1edb6e24a4e2056b9d1fd90c9fddc10c9aff875d
  Nimble: 4f4a345c80b503b3ea13606a4f98405974ee4d0b
  Nimble-Snapshots: 6605431525245f967ca9d558bb12a49da3d040e3
  OCWaveView: ac1dee6d0e980d0df6b291e38abf1aba191f1af9
  PINCache: 7a8fc1a691173d21dbddbf86cd515de6efa55086
  PINOperation: 00c935935f1e8cf0d1e2d6b542e75b88fc3e5e20
  PINRemoteImage: f1295b29f8c5e640e25335a1b2bd9d805171bd01
  Quick: 6473349e43b9271a8d43839d9ba1c442ed1b7ac4

PODFILE CHECKSUM: 8a852e781d0915d5b5c1c7fd0a46c3707634f66c

COCOAPODS: 1.10.1
