// !$*UTF8*$!
{
	archiveVersion = 1;
	classes = {
	};
	objectVersion = 46;
	objects = {

/* Begin PBXBuildFile section */
		318CB758260837C400184B9C /* LoginViewController.swift in Sources */ = {isa = PBXBuildFile; fileRef = 318CB756260837C400184B9C /* LoginViewController.swift */; };
		318CB759260837C400184B9C /* TestListViewController.swift in Sources */ = {isa = PBXBuildFile; fileRef = 318CB757260837C400184B9C /* TestListViewController.swift */; };
		607FACD61AFB9204008FA782 /* AppDelegate.swift in Sources */ = {isa = PBXBuildFile; fileRef = 607FACD51AFB9204008FA782 /* AppDelegate.swift */; };
		607FACDB1AFB9204008FA782 /* Main.storyboard in Resources */ = {isa = PBXBuildFile; fileRef = 607FACD91AFB9204008FA782 /* Main.storyboard */; };
		607FACDD1AFB9204008FA782 /* Images.xcassets in Resources */ = {isa = PBXBuildFile; fileRef = 607FACDC1AFB9204008FA782 /* Images.xcassets */; };
		607FACE01AFB9204008FA782 /* LaunchScreen.xib in Resources */ = {isa = PBXBuildFile; fileRef = 607FACDE1AFB9204008FA782 /* LaunchScreen.xib */; };
		607FACEC1AFB9204008FA782 /* Tests.swift in Sources */ = {isa = PBXBuildFile; fileRef = 607FACEB1AFB9204008FA782 /* Tests.swift */; };
		C5466DC6EBF3B567535C4409 /* Pods_AiLevelTestKit_Example.framework in Frameworks */ = {isa = PBXBuildFile; fileRef = 3C988AE05CB2D47814CC62B4 /* Pods_AiLevelTestKit_Example.framework */; };
		CD3B8FECE3FBE7086F489723 /* Pods_AiLevelTestKit_Tests.framework in Frameworks */ = {isa = PBXBuildFile; fileRef = EEB49CCD4E72E4A6825BB575 /* Pods_AiLevelTestKit_Tests.framework */; };
/* End PBXBuildFile section */

/* Begin PBXContainerItemProxy section */
		607FACE61AFB9204008FA782 /* PBXContainerItemProxy */ = {
			isa = PBXContainerItemProxy;
			containerPortal = 607FACC81AFB9204008FA782 /* Project object */;
			proxyType = 1;
			remoteGlobalIDString = 607FACCF1AFB9204008FA782;
			remoteInfo = AiLevelTestKit;
		};
/* End PBXContainerItemProxy section */

/* Begin PBXFileReference section */
		318CB756260837C400184B9C /* LoginViewController.swift */ = {isa = PBXFileReference; fileEncoding = 4; lastKnownFileType = sourcecode.swift; path = LoginViewController.swift; sourceTree = "<group>"; };
		318CB757260837C400184B9C /* TestListViewController.swift */ = {isa = PBXFileReference; fileEncoding = 4; lastKnownFileType = sourcecode.swift; path = TestListViewController.swift; sourceTree = "<group>"; };
		3C988AE05CB2D47814CC62B4 /* Pods_AiLevelTestKit_Example.framework */ = {isa = PBXFileReference; explicitFileType = wrapper.framework; includeInIndex = 0; path = Pods_AiLevelTestKit_Example.framework; sourceTree = BUILT_PRODUCTS_DIR; };
		43BBBB566F343B1220C14E3E /* Pods-AiLevelTestKit_Example.release.xcconfig */ = {isa = PBXFileReference; includeInIndex = 1; lastKnownFileType = text.xcconfig; name = "Pods-AiLevelTestKit_Example.release.xcconfig"; path = "Target Support Files/Pods-AiLevelTestKit_Example/Pods-AiLevelTestKit_Example.release.xcconfig"; sourceTree = "<group>"; };
		607FACD01AFB9204008FA782 /* AiLevelTestKit_Example.app */ = {isa = PBXFileReference; explicitFileType = wrapper.application; includeInIndex = 0; path = AiLevelTestKit_Example.app; sourceTree = BUILT_PRODUCTS_DIR; };
		607FACD41AFB9204008FA782 /* Info.plist */ = {isa = PBXFileReference; lastKnownFileType = text.plist.xml; path = Info.plist; sourceTree = "<group>"; };
		607FACD51AFB9204008FA782 /* AppDelegate.swift */ = {isa = PBXFileReference; lastKnownFileType = sourcecode.swift; path = AppDelegate.swift; sourceTree = "<group>"; };
		607FACDA1AFB9204008FA782 /* Base */ = {isa = PBXFileReference; lastKnownFileType = file.storyboard; name = Base; path = Base.lproj/Main.storyboard; sourceTree = "<group>"; };
		607FACDC1AFB9204008FA782 /* Images.xcassets */ = {isa = PBXFileReference; lastKnownFileType = folder.assetcatalog; path = Images.xcassets; sourceTree = "<group>"; };
		607FACDF1AFB9204008FA782 /* Base */ = {isa = PBXFileReference; lastKnownFileType = file.xib; name = Base; path = Base.lproj/LaunchScreen.xib; sourceTree = "<group>"; };
		607FACE51AFB9204008FA782 /* AiLevelTestKit_Tests.xctest */ = {isa = PBXFileReference; explicitFileType = wrapper.cfbundle; includeInIndex = 0; path = AiLevelTestKit_Tests.xctest; sourceTree = BUILT_PRODUCTS_DIR; };
		607FACEA1AFB9204008FA782 /* Info.plist */ = {isa = PBXFileReference; lastKnownFileType = text.plist.xml; path = Info.plist; sourceTree = "<group>"; };
		607FACEB1AFB9204008FA782 /* Tests.swift */ = {isa = PBXFileReference; lastKnownFileType = sourcecode.swift; path = Tests.swift; sourceTree = "<group>"; };
		640FB2097C611FAD677CE4E1 /* README.md */ = {isa = PBXFileReference; includeInIndex = 1; lastKnownFileType = net.daringfireball.markdown; name = README.md; path = ../README.md; sourceTree = "<group>"; };
		726944EDC2AAE8E570BA6B29 /* AiLevelTestKit.podspec */ = {isa = PBXFileReference; includeInIndex = 1; lastKnownFileType = text; name = AiLevelTestKit.podspec; path = ../AiLevelTestKit.podspec; sourceTree = "<group>"; xcLanguageSpecificationIdentifier = xcode.lang.ruby; };
		8E87CBA0C2347A422604C4E4 /* LICENSE */ = {isa = PBXFileReference; includeInIndex = 1; lastKnownFileType = text; name = LICENSE; path = ../LICENSE; sourceTree = "<group>"; };
		9A4B509DE7128B6D82167120 /* Pods-AiLevelTestKit_Tests.release.xcconfig */ = {isa = PBXFileReference; includeInIndex = 1; lastKnownFileType = text.xcconfig; name = "Pods-AiLevelTestKit_Tests.release.xcconfig"; path = "Target Support Files/Pods-AiLevelTestKit_Tests/Pods-AiLevelTestKit_Tests.release.xcconfig"; sourceTree = "<group>"; };
		BE96DD56BC20370BF44CDE23 /* Pods-AiLevelTestKit_Example.debug.xcconfig */ = {isa = PBXFileReference; includeInIndex = 1; lastKnownFileType = text.xcconfig; name = "Pods-AiLevelTestKit_Example.debug.xcconfig"; path = "Target Support Files/Pods-AiLevelTestKit_Example/Pods-AiLevelTestKit_Example.debug.xcconfig"; sourceTree = "<group>"; };
		E8E3B7FA0625B4B5718A92E9 /* Pods-AiLevelTestKit_Tests.debug.xcconfig */ = {isa = PBXFileReference; includeInIndex = 1; lastKnownFileType = text.xcconfig; name = "Pods-AiLevelTestKit_Tests.debug.xcconfig"; path = "Target Support Files/Pods-AiLevelTestKit_Tests/Pods-AiLevelTestKit_Tests.debug.xcconfig"; sourceTree = "<group>"; };
		EEB49CCD4E72E4A6825BB575 /* Pods_AiLevelTestKit_Tests.framework */ = {isa = PBXFileReference; explicitFileType = wrapper.framework; includeInIndex = 0; path = Pods_AiLevelTestKit_Tests.framework; sourceTree = BUILT_PRODUCTS_DIR; };
/* End PBXFileReference section */

/* Begin PBXFrameworksBuildPhase section */
		607FACCD1AFB9204008FA782 /* Frameworks */ = {
			isa = PBXFrameworksBuildPhase;
			buildActionMask = 2147483647;
			files = (
				C5466DC6EBF3B567535C4409 /* Pods_AiLevelTestKit_Example.framework in Frameworks */,
			);
			runOnlyForDeploymentPostprocessing = 0;
		};
		607FACE21AFB9204008FA782 /* Frameworks */ = {
			isa = PBXFrameworksBuildPhase;
			buildActionMask = 2147483647;
			files = (
				CD3B8FECE3FBE7086F489723 /* Pods_AiLevelTestKit_Tests.framework in Frameworks */,
			);
			runOnlyForDeploymentPostprocessing = 0;
		};
/* End PBXFrameworksBuildPhase section */

/* Begin PBXGroup section */
		21E5246072D326E985237194 /* Frameworks */ = {
			isa = PBXGroup;
			children = (
				3C988AE05CB2D47814CC62B4 /* Pods_AiLevelTestKit_Example.framework */,
				EEB49CCD4E72E4A6825BB575 /* Pods_AiLevelTestKit_Tests.framework */,
			);
			name = Frameworks;
			sourceTree = "<group>";
		};
		3E83CF22F428A3B09D6F912C /* Pods */ = {
			isa = PBXGroup;
			children = (
				BE96DD56BC20370BF44CDE23 /* Pods-AiLevelTestKit_Example.debug.xcconfig */,
				43BBBB566F343B1220C14E3E /* Pods-AiLevelTestKit_Example.release.xcconfig */,
				E8E3B7FA0625B4B5718A92E9 /* Pods-AiLevelTestKit_Tests.debug.xcconfig */,
				9A4B509DE7128B6D82167120 /* Pods-AiLevelTestKit_Tests.release.xcconfig */,
			);
			path = Pods;
			sourceTree = "<group>";
		};
		607FACC71AFB9204008FA782 = {
			isa = PBXGroup;
			children = (
				607FACF51AFB993E008FA782 /* Podspec Metadata */,
				607FACD21AFB9204008FA782 /* Example for AiLevelTestKit */,
				607FACE81AFB9204008FA782 /* Tests */,
				607FACD11AFB9204008FA782 /* Products */,
				3E83CF22F428A3B09D6F912C /* Pods */,
				21E5246072D326E985237194 /* Frameworks */,
			);
			sourceTree = "<group>";
		};
		607FACD11AFB9204008FA782 /* Products */ = {
			isa = PBXGroup;
			children = (
				607FACD01AFB9204008FA782 /* AiLevelTestKit_Example.app */,
				607FACE51AFB9204008FA782 /* AiLevelTestKit_Tests.xctest */,
			);
			name = Products;
			sourceTree = "<group>";
		};
		607FACD21AFB9204008FA782 /* Example for AiLevelTestKit */ = {
			isa = PBXGroup;
			children = (
				607FACD51AFB9204008FA782 /* AppDelegate.swift */,
				318CB756260837C400184B9C /* LoginViewController.swift */,
				318CB757260837C400184B9C /* TestListViewController.swift */,
				607FACD91AFB9204008FA782 /* Main.storyboard */,
				607FACDC1AFB9204008FA782 /* Images.xcassets */,
				607FACDE1AFB9204008FA782 /* LaunchScreen.xib */,
				607FACD31AFB9204008FA782 /* Supporting Files */,
			);
			name = "Example for AiLevelTestKit";
			path = AiLevelTestKit;
			sourceTree = "<group>";
		};
		607FACD31AFB9204008FA782 /* Supporting Files */ = {
			isa = PBXGroup;
			children = (
				607FACD41AFB9204008FA782 /* Info.plist */,
			);
			name = "Supporting Files";
			sourceTree = "<group>";
		};
		607FACE81AFB9204008FA782 /* Tests */ = {
			isa = PBXGroup;
			children = (
				607FACEB1AFB9204008FA782 /* Tests.swift */,
				607FACE91AFB9204008FA782 /* Supporting Files */,
			);
			path = Tests;
			sourceTree = "<group>";
		};
		607FACE91AFB9204008FA782 /* Supporting Files */ = {
			isa = PBXGroup;
			children = (
				607FACEA1AFB9204008FA782 /* Info.plist */,
			);
			name = "Supporting Files";
			sourceTree = "<group>";
		};
		607FACF51AFB993E008FA782 /* Podspec Metadata */ = {
			isa = PBXGroup;
			children = (
				726944EDC2AAE8E570BA6B29 /* AiLevelTestKit.podspec */,
				640FB2097C611FAD677CE4E1 /* README.md */,
				8E87CBA0C2347A422604C4E4 /* LICENSE */,
			);
			name = "Podspec Metadata";
			sourceTree = "<group>";
		};
/* End PBXGroup section */

/* Begin PBXNativeTarget section */
		607FACCF1AFB9204008FA782 /* AiLevelTestKit_Example */ = {
			isa = PBXNativeTarget;
			buildConfigurationList = 607FACEF1AFB9204008FA782 /* Build configuration list for PBXNativeTarget "AiLevelTestKit_Example" */;
			buildPhases = (
				BD77FF87EC1AE4659EF27EA0 /* [CP] Check Pods Manifest.lock */,
				607FACCC1AFB9204008FA782 /* Sources */,
				607FACCD1AFB9204008FA782 /* Frameworks */,
				607FACCE1AFB9204008FA782 /* Resources */,
				3DA20C13052C7C3E3FFF3850 /* [CP] Embed Pods Frameworks */,
				9FC7E36998014FC6357244D2 /* [CP] Copy Pods Resources */,
			);
			buildRules = (
			);
			dependencies = (
			);
			name = AiLevelTestKit_Example;
			productName = AiLevelTestKit;
			productReference = 607FACD01AFB9204008FA782 /* AiLevelTestKit_Example.app */;
			productType = "com.apple.product-type.application";
		};
		607FACE41AFB9204008FA782 /* AiLevelTestKit_Tests */ = {
			isa = PBXNativeTarget;
			buildConfigurationList = 607FACF21AFB9204008FA782 /* Build configuration list for PBXNativeTarget "AiLevelTestKit_Tests" */;
			buildPhases = (
				16DD41B6E4A9837FCB34A7E1 /* [CP] Check Pods Manifest.lock */,
				607FACE11AFB9204008FA782 /* Sources */,
				607FACE21AFB9204008FA782 /* Frameworks */,
				607FACE31AFB9204008FA782 /* Resources */,
				CB7ECE1CCAD9E910740F1692 /* [CP] Embed Pods Frameworks */,
			);
			buildRules = (
			);
			dependencies = (
				607FACE71AFB9204008FA782 /* PBXTargetDependency */,
			);
			name = AiLevelTestKit_Tests;
			productName = Tests;
			productReference = 607FACE51AFB9204008FA782 /* AiLevelTestKit_Tests.xctest */;
			productType = "com.apple.product-type.bundle.unit-test";
		};
/* End PBXNativeTarget section */

/* Begin PBXProject section */
		607FACC81AFB9204008FA782 /* Project object */ = {
			isa = PBXProject;
			attributes = {
				LastSwiftUpdateCheck = 0830;
				LastUpgradeCheck = 0830;
				ORGANIZATIONNAME = CocoaPods;
				TargetAttributes = {
					607FACCF1AFB9204008FA782 = {
						CreatedOnToolsVersion = 6.3.1;
						DevelopmentTeam = E59YUPDAN4;
						LastSwiftMigration = 0900;
					};
					607FACE41AFB9204008FA782 = {
						CreatedOnToolsVersion = 6.3.1;
						DevelopmentTeam = E59YUPDAN4;
						LastSwiftMigration = 0900;
						TestTargetID = 607FACCF1AFB9204008FA782;
					};
				};
			};
			buildConfigurationList = 607FACCB1AFB9204008FA782 /* Build configuration list for PBXProject "AiLevelTestKit" */;
			compatibilityVersion = "Xcode 3.2";
			developmentRegion = English;
			hasScannedForEncodings = 0;
			knownRegions = (
				English,
				en,
				Base,
			);
			mainGroup = 607FACC71AFB9204008FA782;
			productRefGroup = 607FACD11AFB9204008FA782 /* Products */;
			projectDirPath = "";
			projectRoot = "";
			targets = (
				607FACCF1AFB9204008FA782 /* AiLevelTestKit_Example */,
				607FACE41AFB9204008FA782 /* AiLevelTestKit_Tests */,
			);
		};
/* End PBXProject section */

/* Begin PBXResourcesBuildPhase section */
		607FACCE1AFB9204008FA782 /* Resources */ = {
			isa = PBXResourcesBuildPhase;
			buildActionMask = 2147483647;
			files = (
				607FACDB1AFB9204008FA782 /* Main.storyboard in Resources */,
				607FACE01AFB9204008FA782 /* LaunchScreen.xib in Resources */,
				607FACDD1AFB9204008FA782 /* Images.xcassets in Resources */,
			);
			runOnlyForDeploymentPostprocessing = 0;
		};
		607FACE31AFB9204008FA782 /* Resources */ = {
			isa = PBXResourcesBuildPhase;
			buildActionMask = 2147483647;
			files = (
			);
			runOnlyForDeploymentPostprocessing = 0;
		};
/* End PBXResourcesBuildPhase section */

/* Begin PBXShellScriptBuildPhase section */
		16DD41B6E4A9837FCB34A7E1 /* [CP] Check Pods Manifest.lock */ = {
			isa = PBXShellScriptBuildPhase;
			buildActionMask = 2147483647;
			files = (
			);
			inputFileListPaths = (
			);
			inputPaths = (
				"${PODS_PODFILE_DIR_PATH}/Podfile.lock",
				"${PODS_ROOT}/Manifest.lock",
			);
			name = "[CP] Check Pods Manifest.lock";
			outputFileListPaths = (
			);
			outputPaths = (
				"$(DERIVED_FILE_DIR)/Pods-AiLevelTestKit_Tests-checkManifestLockResult.txt",
			);
			runOnlyForDeploymentPostprocessing = 0;
			shellPath = /bin/sh;
			shellScript = "diff \"${PODS_PODFILE_DIR_PATH}/Podfile.lock\" \"${PODS_ROOT}/Manifest.lock\" > /dev/null\nif [ $? != 0 ] ; then\n    # print error to STDERR\n    echo \"error: The sandbox is not in sync with the Podfile.lock. Run 'pod install' or update your CocoaPods installation.\" >&2\n    exit 1\nfi\n# This output is used by Xcode 'outputs' to avoid re-running this script phase.\necho \"SUCCESS\" > \"${SCRIPT_OUTPUT_FILE_0}\"\n";
			showEnvVarsInLog = 0;
		};
		3DA20C13052C7C3E3FFF3850 /* [CP] Embed Pods Frameworks */ = {
			isa = PBXShellScriptBuildPhase;
			buildActionMask = 2147483647;
			files = (
			);
			inputPaths = (
				"${PODS_ROOT}/Target Support Files/Pods-AiLevelTestKit_Example/Pods-AiLevelTestKit_Example-frameworks.sh",
				"${BUILT_PRODUCTS_DIR}/BEMCheckBox/BEMCheckBox.framework",
				"${BUILT_PRODUCTS_DIR}/OCWaveView/OCWaveView.framework",
				"${BUILT_PRODUCTS_DIR}/PINCache/PINCache.framework",
				"${BUILT_PRODUCTS_DIR}/PINOperation/PINOperation.framework",
				"${BUILT_PRODUCTS_DIR}/PINRemoteImage/PINRemoteImage.framework",
			);
			name = "[CP] Embed Pods Frameworks";
			outputPaths = (
				"${TARGET_BUILD_DIR}/${FRAMEWORKS_FOLDER_PATH}/BEMCheckBox.framework",
				"${TARGET_BUILD_DIR}/${FRAMEWORKS_FOLDER_PATH}/OCWaveView.framework",
				"${TARGET_BUILD_DIR}/${FRAMEWORKS_FOLDER_PATH}/PINCache.framework",
				"${TARGET_BUILD_DIR}/${FRAMEWORKS_FOLDER_PATH}/PINOperation.framework",
				"${TARGET_BUILD_DIR}/${FRAMEWORKS_FOLDER_PATH}/PINRemoteImage.framework",
			);
			runOnlyForDeploymentPostprocessing = 0;
			shellPath = /bin/sh;
			shellScript = "\"${PODS_ROOT}/Target Support Files/Pods-AiLevelTestKit_Example/Pods-AiLevelTestKit_Example-frameworks.sh\"\n";
			showEnvVarsInLog = 0;
		};
		9FC7E36998014FC6357244D2 /* [CP] Copy Pods Resources */ = {
			isa = PBXShellScriptBuildPhase;
			buildActionMask = 2147483647;
			files = (
			);
			inputPaths = (
				"${PODS_ROOT}/Target Support Files/Pods-AiLevelTestKit_Example/Pods-AiLevelTestKit_Example-resources.sh",
				"${PODS_ROOT}/../../AiLevelTestKit/Assets/Images.xcassets/AppIcon.appiconset/Icon-1024.png",
				"${PODS_ROOT}/../../AiLevelTestKit/Assets/Images.xcassets/AppIcon.appiconset/Icon-20@2x.png",
				"${PODS_ROOT}/../../AiLevelTestKit/Assets/Images.xcassets/AppIcon.appiconset/Icon-20@3x.png",
				"${PODS_ROOT}/../../AiLevelTestKit/Assets/Images.xcassets/AppIcon.appiconset/Icon-60@2x.png",
				"${PODS_ROOT}/../../AiLevelTestKit/Assets/Images.xcassets/AppIcon.appiconset/Icon-60@3x.png",
				"${PODS_ROOT}/../../AiLevelTestKit/Assets/Images.xcassets/AppIcon.appiconset/Icon-Small-40@2x.png",
				"${PODS_ROOT}/../../AiLevelTestKit/Assets/Images.xcassets/AppIcon.appiconset/Icon-Small-40@3x.png",
				"${PODS_ROOT}/../../AiLevelTestKit/Assets/Images.xcassets/AppIcon.appiconset/Icon-Small@2x.png",
				"${PODS_ROOT}/../../AiLevelTestKit/Assets/Images.xcassets/AppIcon.appiconset/Icon-Small@3x.png",
				"${PODS_ROOT}/../../AiLevelTestKit/Assets/Images.xcassets/img_appicon.imageset/img_appicon.png",
				"${PODS_ROOT}/../../AiLevelTestKit/Assets/Images.xcassets/img_appicon.imageset/img_appicon@2x.png",
				"${PODS_ROOT}/../../AiLevelTestKit/Assets/Images.xcassets/img_appicon.imageset/img_appicon@3x.png",
				"${PODS_ROOT}/../../AiLevelTestKit/Assets/Images.xcassets/img_archive.imageset/img_archive.png",
				"${PODS_ROOT}/../../AiLevelTestKit/Assets/Images.xcassets/img_archive.imageset/img_archive@2x.png",
				"${PODS_ROOT}/../../AiLevelTestKit/Assets/Images.xcassets/img_archive.imageset/img_archive@3x.png",
				"${PODS_ROOT}/../../AiLevelTestKit/Assets/img_appicon.png",
				"${PODS_ROOT}/../../AiLevelTestKit/Assets/img_appicon@2x.png",
				"${PODS_ROOT}/../../AiLevelTestKit/Assets/img_appicon@3x.png",
				"${PODS_ROOT}/../../AiLevelTestKit/Assets/img_archive.png",
				"${PODS_ROOT}/../../AiLevelTestKit/Assets/img_archive@2x.png",
				"${PODS_ROOT}/../../AiLevelTestKit/Assets/img_archive@3x.png",
				"${PODS_ROOT}/../../AiLevelTestKit/Assets/img_char_ele1.png",
				"${PODS_ROOT}/../../AiLevelTestKit/Assets/img_char_ele1@2x.png",
				"${PODS_ROOT}/../../AiLevelTestKit/Assets/img_char_ele1@3x.png",
				"${PODS_ROOT}/../../AiLevelTestKit/Assets/img_char_ele2.png",
				"${PODS_ROOT}/../../AiLevelTestKit/Assets/img_char_ele2@2x.png",
				"${PODS_ROOT}/../../AiLevelTestKit/Assets/img_char_ele2@3x.png",
				"${PODS_ROOT}/../../AiLevelTestKit/Assets/img_char_ele3.png",
				"${PODS_ROOT}/../../AiLevelTestKit/Assets/img_char_ele3@2x.png",
				"${PODS_ROOT}/../../AiLevelTestKit/Assets/img_char_ele3@3x.png",
				"${PODS_ROOT}/../../AiLevelTestKit/Assets/img_char_ele4.png",
				"${PODS_ROOT}/../../AiLevelTestKit/Assets/img_char_ele4@2x.png",
				"${PODS_ROOT}/../../AiLevelTestKit/Assets/img_char_ele4@3x.png",
				"${PODS_ROOT}/../../AiLevelTestKit/Assets/img_char_ele5.png",
				"${PODS_ROOT}/../../AiLevelTestKit/Assets/img_char_ele5@2x.png",
				"${PODS_ROOT}/../../AiLevelTestKit/Assets/img_char_ele5@3x.png",
				"${PODS_ROOT}/../../AiLevelTestKit/Assets/img_char_ele6.png",
				"${PODS_ROOT}/../../AiLevelTestKit/Assets/img_char_ele6@2x.png",
				"${PODS_ROOT}/../../AiLevelTestKit/Assets/img_char_ele6@3x.png",
				"${PODS_ROOT}/../../AiLevelTestKit/Assets/img_char_female.png",
				"${PODS_ROOT}/../../AiLevelTestKit/Assets/img_char_female@2x.png",
				"${PODS_ROOT}/../../AiLevelTestKit/Assets/img_char_female@3x.png",
				"${PODS_ROOT}/../../AiLevelTestKit/Assets/img_char_kinder.png",
				"${PODS_ROOT}/../../AiLevelTestKit/Assets/img_char_kinder@2x.png",
				"${PODS_ROOT}/../../AiLevelTestKit/Assets/img_char_kinder@3x.png",
				"${PODS_ROOT}/../../AiLevelTestKit/Assets/img_char_male.png",
				"${PODS_ROOT}/../../AiLevelTestKit/Assets/img_char_male@2x.png",
				"${PODS_ROOT}/../../AiLevelTestKit/Assets/img_char_male@3x.png",
				"${PODS_ROOT}/../../AiLevelTestKit/Assets/img_char_mid1.png",
				"${PODS_ROOT}/../../AiLevelTestKit/Assets/img_char_mid1@2x.png",
				"${PODS_ROOT}/../../AiLevelTestKit/Assets/img_char_mid1@3x.png",
				"${PODS_ROOT}/../../AiLevelTestKit/Assets/img_char_mid2.png",
				"${PODS_ROOT}/../../AiLevelTestKit/Assets/img_char_mid2@2x.png",
				"${PODS_ROOT}/../../AiLevelTestKit/Assets/img_char_mid2@3x.png",
				"${PODS_ROOT}/../../AiLevelTestKit/Assets/img_char_mid3.png",
				"${PODS_ROOT}/../../AiLevelTestKit/Assets/img_char_mid3@2x.png",
				"${PODS_ROOT}/../../AiLevelTestKit/Assets/img_char_mid3@3x.png",
				"${PODS_ROOT}/../../AiLevelTestKit/Assets/img_check.png",
				"${PODS_ROOT}/../../AiLevelTestKit/Assets/img_check@2x.png",
				"${PODS_ROOT}/../../AiLevelTestKit/Assets/img_check@3x.png",
				"${PODS_ROOT}/../../AiLevelTestKit/Assets/img_close.png",
				"${PODS_ROOT}/../../AiLevelTestKit/Assets/img_close@2x.png",
				"${PODS_ROOT}/../../AiLevelTestKit/Assets/img_close@3x.png",
				"${PODS_ROOT}/../../AiLevelTestKit/Assets/img_close_blk.png",
				"${PODS_ROOT}/../../AiLevelTestKit/Assets/img_close_blk@2x.png",
				"${PODS_ROOT}/../../AiLevelTestKit/Assets/img_close_blk@3x.png",
				"${PODS_ROOT}/../../AiLevelTestKit/Assets/img_cross.png",
				"${PODS_ROOT}/../../AiLevelTestKit/Assets/img_cross@2x.png",
				"${PODS_ROOT}/../../AiLevelTestKit/Assets/img_cross@3x.png",
				"${PODS_ROOT}/../../AiLevelTestKit/Assets/img_jtutorial1.png",
				"${PODS_ROOT}/../../AiLevelTestKit/Assets/img_jtutorial1@2x.png",
				"${PODS_ROOT}/../../AiLevelTestKit/Assets/img_jtutorial1@3x.png",
				"${PODS_ROOT}/../../AiLevelTestKit/Assets/img_jtutorial2.png",
				"${PODS_ROOT}/../../AiLevelTestKit/Assets/img_jtutorial2@2x.png",
				"${PODS_ROOT}/../../AiLevelTestKit/Assets/img_jtutorial2@3x.png",
				"${PODS_ROOT}/../../AiLevelTestKit/Assets/img_jtutorial3.png",
				"${PODS_ROOT}/../../AiLevelTestKit/Assets/img_jtutorial3@2x.png",
				"${PODS_ROOT}/../../AiLevelTestKit/Assets/img_jtutorial3@3x.png",
				"${PODS_ROOT}/../../AiLevelTestKit/Assets/img_jtutorial_pad1.png",
				"${PODS_ROOT}/../../AiLevelTestKit/Assets/img_jtutorial_pad1@2x.png",
				"${PODS_ROOT}/../../AiLevelTestKit/Assets/img_jtutorial_pad1@3x.png",
				"${PODS_ROOT}/../../AiLevelTestKit/Assets/img_jtutorial_pad2.png",
				"${PODS_ROOT}/../../AiLevelTestKit/Assets/img_jtutorial_pad2@2x.png",
				"${PODS_ROOT}/../../AiLevelTestKit/Assets/img_jtutorial_pad2@3x.png",
				"${PODS_ROOT}/../../AiLevelTestKit/Assets/img_jtutorial_pad3.png",
				"${PODS_ROOT}/../../AiLevelTestKit/Assets/img_jtutorial_pad3@2x.png",
				"${PODS_ROOT}/../../AiLevelTestKit/Assets/img_jtutorial_pad3@3x.png",
				"${PODS_ROOT}/../../AiLevelTestKit/Assets/img_jtutorial_pad4.png",
				"${PODS_ROOT}/../../AiLevelTestKit/Assets/img_jtutorial_pad4@2x.png",
				"${PODS_ROOT}/../../AiLevelTestKit/Assets/img_jtutorial_pad4@3x.png",
				"${PODS_ROOT}/../../AiLevelTestKit/Assets/img_logo.png",
				"${PODS_ROOT}/../../AiLevelTestKit/Assets/img_logo@2x.png",
				"${PODS_ROOT}/../../AiLevelTestKit/Assets/img_logo@3x.png",
				"${PODS_ROOT}/../../AiLevelTestKit/Assets/img_nav_back.png",
				"${PODS_ROOT}/../../AiLevelTestKit/Assets/img_nav_back@2x.png",
				"${PODS_ROOT}/../../AiLevelTestKit/Assets/img_nav_back@3x.png",
				"${PODS_ROOT}/../../AiLevelTestKit/Assets/img_nav_logo.png",
				"${PODS_ROOT}/../../AiLevelTestKit/Assets/img_nav_logo@2x.png",
				"${PODS_ROOT}/../../AiLevelTestKit/Assets/img_nav_logo@3x.png",
				"${PODS_ROOT}/../../AiLevelTestKit/Assets/img_pencil.png",
				"${PODS_ROOT}/../../AiLevelTestKit/Assets/img_pencil@2x.png",
				"${PODS_ROOT}/../../AiLevelTestKit/Assets/img_pencil@3x.png",
				"${PODS_ROOT}/../../AiLevelTestKit/Assets/img_playOff.png",
				"${PODS_ROOT}/../../AiLevelTestKit/Assets/img_playOff@2x.png",
				"${PODS_ROOT}/../../AiLevelTestKit/Assets/img_playOff@3x.png",
				"${PODS_ROOT}/../../AiLevelTestKit/Assets/img_playOn.png",
				"${PODS_ROOT}/../../AiLevelTestKit/Assets/img_playOn@2x.png",
				"${PODS_ROOT}/../../AiLevelTestKit/Assets/img_playOn@3x.png",
				"${PODS_ROOT}/../../AiLevelTestKit/Assets/img_search.png",
				"${PODS_ROOT}/../../AiLevelTestKit/Assets/img_search@2x.png",
				"${PODS_ROOT}/../../AiLevelTestKit/Assets/img_search@3x.png",
				"${PODS_ROOT}/../../AiLevelTestKit/Assets/img_setting.png",
				"${PODS_ROOT}/../../AiLevelTestKit/Assets/img_setting@2x.png",
				"${PODS_ROOT}/../../AiLevelTestKit/Assets/img_setting@3x.png",
				"${PODS_ROOT}/../../AiLevelTestKit/Assets/img_time.png",
				"${PODS_ROOT}/../../AiLevelTestKit/Assets/img_time@2x.png",
				"${PODS_ROOT}/../../AiLevelTestKit/Assets/img_time@3x.png",
				"${PODS_ROOT}/../../AiLevelTestKit/Assets/img_tutorial1.png",
				"${PODS_ROOT}/../../AiLevelTestKit/Assets/img_tutorial1@2x.png",
				"${PODS_ROOT}/../../AiLevelTestKit/Assets/img_tutorial1@3x.png",
				"${PODS_ROOT}/../../AiLevelTestKit/Assets/img_tutorial2.png",
				"${PODS_ROOT}/../../AiLevelTestKit/Assets/img_tutorial2@2x.png",
				"${PODS_ROOT}/../../AiLevelTestKit/Assets/img_tutorial2@3x.png",
				"${PODS_ROOT}/../../AiLevelTestKit/Assets/img_tutorial3.png",
				"${PODS_ROOT}/../../AiLevelTestKit/Assets/img_tutorial3@2x.png",
				"${PODS_ROOT}/../../AiLevelTestKit/Assets/img_tutorial3@3x.png",
				"${PODS_ROOT}/../../AiLevelTestKit/Assets/img_tutorial4.png",
				"${PODS_ROOT}/../../AiLevelTestKit/Assets/img_tutorial4@2x.png",
				"${PODS_ROOT}/../../AiLevelTestKit/Assets/img_tutorial4@3x.png",
				"${PODS_ROOT}/../../AiLevelTestKit/Assets/img_tutorial5.png",
				"${PODS_ROOT}/../../AiLevelTestKit/Assets/img_tutorial5@2x.png",
				"${PODS_ROOT}/../../AiLevelTestKit/Assets/img_tutorial5@3x.png",
				"${PODS_ROOT}/../../AiLevelTestKit/Assets/img_tutorial_pad1.png",
				"${PODS_ROOT}/../../AiLevelTestKit/Assets/img_tutorial_pad1@2x.png",
				"${PODS_ROOT}/../../AiLevelTestKit/Assets/img_tutorial_pad1@3x.png",
				"${PODS_ROOT}/../../AiLevelTestKit/Assets/img_tutorial_pad2.png",
				"${PODS_ROOT}/../../AiLevelTestKit/Assets/img_tutorial_pad2@2x.png",
				"${PODS_ROOT}/../../AiLevelTestKit/Assets/img_tutorial_pad2@3x.png",
				"${PODS_ROOT}/../../AiLevelTestKit/Assets/img_tutorial_pad3.png",
				"${PODS_ROOT}/../../AiLevelTestKit/Assets/img_tutorial_pad3@2x.png",
				"${PODS_ROOT}/../../AiLevelTestKit/Assets/img_tutorial_pad3@3x.png",
				"${PODS_ROOT}/../../AiLevelTestKit/Assets/img_tutorial_pad4.png",
				"${PODS_ROOT}/../../AiLevelTestKit/Assets/img_tutorial_pad4@2x.png",
				"${PODS_ROOT}/../../AiLevelTestKit/Assets/img_tutorial_pad4@3x.png",
				"${PODS_ROOT}/../../AiLevelTestKit/Assets/img_tutorial_pad5.png",
				"${PODS_ROOT}/../../AiLevelTestKit/Assets/img_tutorial_pad5@2x.png",
				"${PODS_ROOT}/../../AiLevelTestKit/Assets/img_tutorial_pad5@3x.png",
				"${PODS_ROOT}/../../AiLevelTestKit/Assets/img_volume.png",
				"${PODS_ROOT}/../../AiLevelTestKit/Assets/img_volume@2x.png",
				"${PODS_ROOT}/../../AiLevelTestKit/Assets/img_volume@3x.png",
				"${PODS_ROOT}/../../AiLevelTestKit/Assets/img_wired_earphone.png",
				"${PODS_ROOT}/../../AiLevelTestKit/Assets/img_wired_earphone@2x.png",
				"${PODS_ROOT}/../../AiLevelTestKit/Assets/img_wired_earphone@3x.png",
				"${PODS_ROOT}/../../AiLevelTestKit/Assets/img_wireless_earphone.png",
				"${PODS_ROOT}/../../AiLevelTestKit/Assets/img_wireless_earphone@2x.png",
				"${PODS_ROOT}/../../AiLevelTestKit/Assets/img_wireless_earphone@3x.png",
				"${PODS_CONFIGURATION_BUILD_DIR}/AiLevelTestKit/AiLevelTestKit.bundle",
			);
			name = "[CP] Copy Pods Resources";
			outputPaths = (
				"${TARGET_BUILD_DIR}/${UNLOCALIZED_RESOURCES_FOLDER_PATH}/Icon-1024.png",
				"${TARGET_BUILD_DIR}/${UNLOCALIZED_RESOURCES_FOLDER_PATH}/Icon-20@2x.png",
				"${TARGET_BUILD_DIR}/${UNLOCALIZED_RESOURCES_FOLDER_PATH}/Icon-20@3x.png",
				"${TARGET_BUILD_DIR}/${UNLOCALIZED_RESOURCES_FOLDER_PATH}/Icon-60@2x.png",
				"${TARGET_BUILD_DIR}/${UNLOCALIZED_RESOURCES_FOLDER_PATH}/Icon-60@3x.png",
				"${TARGET_BUILD_DIR}/${UNLOCALIZED_RESOURCES_FOLDER_PATH}/Icon-Small-40@2x.png",
				"${TARGET_BUILD_DIR}/${UNLOCALIZED_RESOURCES_FOLDER_PATH}/Icon-Small-40@3x.png",
				"${TARGET_BUILD_DIR}/${UNLOCALIZED_RESOURCES_FOLDER_PATH}/Icon-Small@2x.png",
				"${TARGET_BUILD_DIR}/${UNLOCALIZED_RESOURCES_FOLDER_PATH}/Icon-Small@3x.png",
				"${TARGET_BUILD_DIR}/${UNLOCALIZED_RESOURCES_FOLDER_PATH}/img_appicon.png",
				"${TARGET_BUILD_DIR}/${UNLOCALIZED_RESOURCES_FOLDER_PATH}/img_appicon@2x.png",
				"${TARGET_BUILD_DIR}/${UNLOCALIZED_RESOURCES_FOLDER_PATH}/img_appicon@3x.png",
				"${TARGET_BUILD_DIR}/${UNLOCALIZED_RESOURCES_FOLDER_PATH}/img_archive.png",
				"${TARGET_BUILD_DIR}/${UNLOCALIZED_RESOURCES_FOLDER_PATH}/img_archive@2x.png",
				"${TARGET_BUILD_DIR}/${UNLOCALIZED_RESOURCES_FOLDER_PATH}/img_archive@3x.png",
				"${TARGET_BUILD_DIR}/${UNLOCALIZED_RESOURCES_FOLDER_PATH}/img_char_ele1.png",
				"${TARGET_BUILD_DIR}/${UNLOCALIZED_RESOURCES_FOLDER_PATH}/img_char_ele1@2x.png",
				"${TARGET_BUILD_DIR}/${UNLOCALIZED_RESOURCES_FOLDER_PATH}/img_char_ele1@3x.png",
				"${TARGET_BUILD_DIR}/${UNLOCALIZED_RESOURCES_FOLDER_PATH}/img_char_ele2.png",
				"${TARGET_BUILD_DIR}/${UNLOCALIZED_RESOURCES_FOLDER_PATH}/img_char_ele2@2x.png",
				"${TARGET_BUILD_DIR}/${UNLOCALIZED_RESOURCES_FOLDER_PATH}/img_char_ele2@3x.png",
				"${TARGET_BUILD_DIR}/${UNLOCALIZED_RESOURCES_FOLDER_PATH}/img_char_ele3.png",
				"${TARGET_BUILD_DIR}/${UNLOCALIZED_RESOURCES_FOLDER_PATH}/img_char_ele3@2x.png",
				"${TARGET_BUILD_DIR}/${UNLOCALIZED_RESOURCES_FOLDER_PATH}/img_char_ele3@3x.png",
				"${TARGET_BUILD_DIR}/${UNLOCALIZED_RESOURCES_FOLDER_PATH}/img_char_ele4.png",
				"${TARGET_BUILD_DIR}/${UNLOCALIZED_RESOURCES_FOLDER_PATH}/img_char_ele4@2x.png",
				"${TARGET_BUILD_DIR}/${UNLOCALIZED_RESOURCES_FOLDER_PATH}/img_char_ele4@3x.png",
				"${TARGET_BUILD_DIR}/${UNLOCALIZED_RESOURCES_FOLDER_PATH}/img_char_ele5.png",
				"${TARGET_BUILD_DIR}/${UNLOCALIZED_RESOURCES_FOLDER_PATH}/img_char_ele5@2x.png",
				"${TARGET_BUILD_DIR}/${UNLOCALIZED_RESOURCES_FOLDER_PATH}/img_char_ele5@3x.png",
				"${TARGET_BUILD_DIR}/${UNLOCALIZED_RESOURCES_FOLDER_PATH}/img_char_ele6.png",
				"${TARGET_BUILD_DIR}/${UNLOCALIZED_RESOURCES_FOLDER_PATH}/img_char_ele6@2x.png",
				"${TARGET_BUILD_DIR}/${UNLOCALIZED_RESOURCES_FOLDER_PATH}/img_char_ele6@3x.png",
				"${TARGET_BUILD_DIR}/${UNLOCALIZED_RESOURCES_FOLDER_PATH}/img_char_female.png",
				"${TARGET_BUILD_DIR}/${UNLOCALIZED_RESOURCES_FOLDER_PATH}/img_char_female@2x.png",
				"${TARGET_BUILD_DIR}/${UNLOCALIZED_RESOURCES_FOLDER_PATH}/img_char_female@3x.png",
				"${TARGET_BUILD_DIR}/${UNLOCALIZED_RESOURCES_FOLDER_PATH}/img_char_kinder.png",
				"${TARGET_BUILD_DIR}/${UNLOCALIZED_RESOURCES_FOLDER_PATH}/img_char_kinder@2x.png",
				"${TARGET_BUILD_DIR}/${UNLOCALIZED_RESOURCES_FOLDER_PATH}/img_char_kinder@3x.png",
				"${TARGET_BUILD_DIR}/${UNLOCALIZED_RESOURCES_FOLDER_PATH}/img_char_male.png",
				"${TARGET_BUILD_DIR}/${UNLOCALIZED_RESOURCES_FOLDER_PATH}/img_char_male@2x.png",
				"${TARGET_BUILD_DIR}/${UNLOCALIZED_RESOURCES_FOLDER_PATH}/img_char_male@3x.png",
				"${TARGET_BUILD_DIR}/${UNLOCALIZED_RESOURCES_FOLDER_PATH}/img_char_mid1.png",
				"${TARGET_BUILD_DIR}/${UNLOCALIZED_RESOURCES_FOLDER_PATH}/img_char_mid1@2x.png",
				"${TARGET_BUILD_DIR}/${UNLOCALIZED_RESOURCES_FOLDER_PATH}/img_char_mid1@3x.png",
				"${TARGET_BUILD_DIR}/${UNLOCALIZED_RESOURCES_FOLDER_PATH}/img_char_mid2.png",
				"${TARGET_BUILD_DIR}/${UNLOCALIZED_RESOURCES_FOLDER_PATH}/img_char_mid2@2x.png",
				"${TARGET_BUILD_DIR}/${UNLOCALIZED_RESOURCES_FOLDER_PATH}/img_char_mid2@3x.png",
				"${TARGET_BUILD_DIR}/${UNLOCALIZED_RESOURCES_FOLDER_PATH}/img_char_mid3.png",
				"${TARGET_BUILD_DIR}/${UNLOCALIZED_RESOURCES_FOLDER_PATH}/img_char_mid3@2x.png",
				"${TARGET_BUILD_DIR}/${UNLOCALIZED_RESOURCES_FOLDER_PATH}/img_char_mid3@3x.png",
				"${TARGET_BUILD_DIR}/${UNLOCALIZED_RESOURCES_FOLDER_PATH}/img_check.png",
				"${TARGET_BUILD_DIR}/${UNLOCALIZED_RESOURCES_FOLDER_PATH}/img_check@2x.png",
				"${TARGET_BUILD_DIR}/${UNLOCALIZED_RESOURCES_FOLDER_PATH}/img_check@3x.png",
				"${TARGET_BUILD_DIR}/${UNLOCALIZED_RESOURCES_FOLDER_PATH}/img_close.png",
				"${TARGET_BUILD_DIR}/${UNLOCALIZED_RESOURCES_FOLDER_PATH}/img_close@2x.png",
				"${TARGET_BUILD_DIR}/${UNLOCALIZED_RESOURCES_FOLDER_PATH}/img_close@3x.png",
				"${TARGET_BUILD_DIR}/${UNLOCALIZED_RESOURCES_FOLDER_PATH}/img_close_blk.png",
				"${TARGET_BUILD_DIR}/${UNLOCALIZED_RESOURCES_FOLDER_PATH}/img_close_blk@2x.png",
				"${TARGET_BUILD_DIR}/${UNLOCALIZED_RESOURCES_FOLDER_PATH}/img_close_blk@3x.png",
				"${TARGET_BUILD_DIR}/${UNLOCALIZED_RESOURCES_FOLDER_PATH}/img_cross.png",
				"${TARGET_BUILD_DIR}/${UNLOCALIZED_RESOURCES_FOLDER_PATH}/img_cross@2x.png",
				"${TARGET_BUILD_DIR}/${UNLOCALIZED_RESOURCES_FOLDER_PATH}/img_cross@3x.png",
				"${TARGET_BUILD_DIR}/${UNLOCALIZED_RESOURCES_FOLDER_PATH}/img_jtutorial1.png",
				"${TARGET_BUILD_DIR}/${UNLOCALIZED_RESOURCES_FOLDER_PATH}/img_jtutorial1@2x.png",
				"${TARGET_BUILD_DIR}/${UNLOCALIZED_RESOURCES_FOLDER_PATH}/img_jtutorial1@3x.png",
				"${TARGET_BUILD_DIR}/${UNLOCALIZED_RESOURCES_FOLDER_PATH}/img_jtutorial2.png",
				"${TARGET_BUILD_DIR}/${UNLOCALIZED_RESOURCES_FOLDER_PATH}/img_jtutorial2@2x.png",
				"${TARGET_BUILD_DIR}/${UNLOCALIZED_RESOURCES_FOLDER_PATH}/img_jtutorial2@3x.png",
				"${TARGET_BUILD_DIR}/${UNLOCALIZED_RESOURCES_FOLDER_PATH}/img_jtutorial3.png",
				"${TARGET_BUILD_DIR}/${UNLOCALIZED_RESOURCES_FOLDER_PATH}/img_jtutorial3@2x.png",
				"${TARGET_BUILD_DIR}/${UNLOCALIZED_RESOURCES_FOLDER_PATH}/img_jtutorial3@3x.png",
				"${TARGET_BUILD_DIR}/${UNLOCALIZED_RESOURCES_FOLDER_PATH}/img_jtutorial_pad1.png",
				"${TARGET_BUILD_DIR}/${UNLOCALIZED_RESOURCES_FOLDER_PATH}/img_jtutorial_pad1@2x.png",
				"${TARGET_BUILD_DIR}/${UNLOCALIZED_RESOURCES_FOLDER_PATH}/img_jtutorial_pad1@3x.png",
				"${TARGET_BUILD_DIR}/${UNLOCALIZED_RESOURCES_FOLDER_PATH}/img_jtutorial_pad2.png",
				"${TARGET_BUILD_DIR}/${UNLOCALIZED_RESOURCES_FOLDER_PATH}/img_jtutorial_pad2@2x.png",
				"${TARGET_BUILD_DIR}/${UNLOCALIZED_RESOURCES_FOLDER_PATH}/img_jtutorial_pad2@3x.png",
				"${TARGET_BUILD_DIR}/${UNLOCALIZED_RESOURCES_FOLDER_PATH}/img_jtutorial_pad3.png",
				"${TARGET_BUILD_DIR}/${UNLOCALIZED_RESOURCES_FOLDER_PATH}/img_jtutorial_pad3@2x.png",
				"${TARGET_BUILD_DIR}/${UNLOCALIZED_RESOURCES_FOLDER_PATH}/img_jtutorial_pad3@3x.png",
				"${TARGET_BUILD_DIR}/${UNLOCALIZED_RESOURCES_FOLDER_PATH}/img_jtutorial_pad4.png",
				"${TARGET_BUILD_DIR}/${UNLOCALIZED_RESOURCES_FOLDER_PATH}/img_jtutorial_pad4@2x.png",
				"${TARGET_BUILD_DIR}/${UNLOCALIZED_RESOURCES_FOLDER_PATH}/img_jtutorial_pad4@3x.png",
				"${TARGET_BUILD_DIR}/${UNLOCALIZED_RESOURCES_FOLDER_PATH}/img_logo.png",
				"${TARGET_BUILD_DIR}/${UNLOCALIZED_RESOURCES_FOLDER_PATH}/img_logo@2x.png",
				"${TARGET_BUILD_DIR}/${UNLOCALIZED_RESOURCES_FOLDER_PATH}/img_logo@3x.png",
				"${TARGET_BUILD_DIR}/${UNLOCALIZED_RESOURCES_FOLDER_PATH}/img_nav_back.png",
				"${TARGET_BUILD_DIR}/${UNLOCALIZED_RESOURCES_FOLDER_PATH}/img_nav_back@2x.png",
				"${TARGET_BUILD_DIR}/${UNLOCALIZED_RESOURCES_FOLDER_PATH}/img_nav_back@3x.png",
				"${TARGET_BUILD_DIR}/${UNLOCALIZED_RESOURCES_FOLDER_PATH}/img_nav_logo.png",
				"${TARGET_BUILD_DIR}/${UNLOCALIZED_RESOURCES_FOLDER_PATH}/img_nav_logo@2x.png",
				"${TARGET_BUILD_DIR}/${UNLOCALIZED_RESOURCES_FOLDER_PATH}/img_nav_logo@3x.png",
				"${TARGET_BUILD_DIR}/${UNLOCALIZED_RESOURCES_FOLDER_PATH}/img_pencil.png",
				"${TARGET_BUILD_DIR}/${UNLOCALIZED_RESOURCES_FOLDER_PATH}/img_pencil@2x.png",
				"${TARGET_BUILD_DIR}/${UNLOCALIZED_RESOURCES_FOLDER_PATH}/img_pencil@3x.png",
				"${TARGET_BUILD_DIR}/${UNLOCALIZED_RESOURCES_FOLDER_PATH}/img_playOff.png",
				"${TARGET_BUILD_DIR}/${UNLOCALIZED_RESOURCES_FOLDER_PATH}/img_playOff@2x.png",
				"${TARGET_BUILD_DIR}/${UNLOCALIZED_RESOURCES_FOLDER_PATH}/img_playOff@3x.png",
				"${TARGET_BUILD_DIR}/${UNLOCALIZED_RESOURCES_FOLDER_PATH}/img_playOn.png",
				"${TARGET_BUILD_DIR}/${UNLOCALIZED_RESOURCES_FOLDER_PATH}/img_playOn@2x.png",
				"${TARGET_BUILD_DIR}/${UNLOCALIZED_RESOURCES_FOLDER_PATH}/img_playOn@3x.png",
				"${TARGET_BUILD_DIR}/${UNLOCALIZED_RESOURCES_FOLDER_PATH}/img_search.png",
				"${TARGET_BUILD_DIR}/${UNLOCALIZED_RESOURCES_FOLDER_PATH}/img_search@2x.png",
				"${TARGET_BUILD_DIR}/${UNLOCALIZED_RESOURCES_FOLDER_PATH}/img_search@3x.png",
				"${TARGET_BUILD_DIR}/${UNLOCALIZED_RESOURCES_FOLDER_PATH}/img_setting.png",
				"${TARGET_BUILD_DIR}/${UNLOCALIZED_RESOURCES_FOLDER_PATH}/img_setting@2x.png",
				"${TARGET_BUILD_DIR}/${UNLOCALIZED_RESOURCES_FOLDER_PATH}/img_setting@3x.png",
				"${TARGET_BUILD_DIR}/${UNLOCALIZED_RESOURCES_FOLDER_PATH}/img_time.png",
				"${TARGET_BUILD_DIR}/${UNLOCALIZED_RESOURCES_FOLDER_PATH}/img_time@2x.png",
				"${TARGET_BUILD_DIR}/${UNLOCALIZED_RESOURCES_FOLDER_PATH}/img_time@3x.png",
				"${TARGET_BUILD_DIR}/${UNLOCALIZED_RESOURCES_FOLDER_PATH}/img_tutorial1.png",
				"${TARGET_BUILD_DIR}/${UNLOCALIZED_RESOURCES_FOLDER_PATH}/img_tutorial1@2x.png",
				"${TARGET_BUILD_DIR}/${UNLOCALIZED_RESOURCES_FOLDER_PATH}/img_tutorial1@3x.png",
				"${TARGET_BUILD_DIR}/${UNLOCALIZED_RESOURCES_FOLDER_PATH}/img_tutorial2.png",
				"${TARGET_BUILD_DIR}/${UNLOCALIZED_RESOURCES_FOLDER_PATH}/img_tutorial2@2x.png",
				"${TARGET_BUILD_DIR}/${UNLOCALIZED_RESOURCES_FOLDER_PATH}/img_tutorial2@3x.png",
				"${TARGET_BUILD_DIR}/${UNLOCALIZED_RESOURCES_FOLDER_PATH}/img_tutorial3.png",
				"${TARGET_BUILD_DIR}/${UNLOCALIZED_RESOURCES_FOLDER_PATH}/img_tutorial3@2x.png",
				"${TARGET_BUILD_DIR}/${UNLOCALIZED_RESOURCES_FOLDER_PATH}/img_tutorial3@3x.png",
				"${TARGET_BUILD_DIR}/${UNLOCALIZED_RESOURCES_FOLDER_PATH}/img_tutorial4.png",
				"${TARGET_BUILD_DIR}/${UNLOCALIZED_RESOURCES_FOLDER_PATH}/img_tutorial4@2x.png",
				"${TARGET_BUILD_DIR}/${UNLOCALIZED_RESOURCES_FOLDER_PATH}/img_tutorial4@3x.png",
				"${TARGET_BUILD_DIR}/${UNLOCALIZED_RESOURCES_FOLDER_PATH}/img_tutorial5.png",
				"${TARGET_BUILD_DIR}/${UNLOCALIZED_RESOURCES_FOLDER_PATH}/img_tutorial5@2x.png",
				"${TARGET_BUILD_DIR}/${UNLOCALIZED_RESOURCES_FOLDER_PATH}/img_tutorial5@3x.png",
				"${TARGET_BUILD_DIR}/${UNLOCALIZED_RESOURCES_FOLDER_PATH}/img_tutorial_pad1.png",
				"${TARGET_BUILD_DIR}/${UNLOCALIZED_RESOURCES_FOLDER_PATH}/img_tutorial_pad1@2x.png",
				"${TARGET_BUILD_DIR}/${UNLOCALIZED_RESOURCES_FOLDER_PATH}/img_tutorial_pad1@3x.png",
				"${TARGET_BUILD_DIR}/${UNLOCALIZED_RESOURCES_FOLDER_PATH}/img_tutorial_pad2.png",
				"${TARGET_BUILD_DIR}/${UNLOCALIZED_RESOURCES_FOLDER_PATH}/img_tutorial_pad2@2x.png",
				"${TARGET_BUILD_DIR}/${UNLOCALIZED_RESOURCES_FOLDER_PATH}/img_tutorial_pad2@3x.png",
				"${TARGET_BUILD_DIR}/${UNLOCALIZED_RESOURCES_FOLDER_PATH}/img_tutorial_pad3.png",
				"${TARGET_BUILD_DIR}/${UNLOCALIZED_RESOURCES_FOLDER_PATH}/img_tutorial_pad3@2x.png",
				"${TARGET_BUILD_DIR}/${UNLOCALIZED_RESOURCES_FOLDER_PATH}/img_tutorial_pad3@3x.png",
				"${TARGET_BUILD_DIR}/${UNLOCALIZED_RESOURCES_FOLDER_PATH}/img_tutorial_pad4.png",
				"${TARGET_BUILD_DIR}/${UNLOCALIZED_RESOURCES_FOLDER_PATH}/img_tutorial_pad4@2x.png",
				"${TARGET_BUILD_DIR}/${UNLOCALIZED_RESOURCES_FOLDER_PATH}/img_tutorial_pad4@3x.png",
				"${TARGET_BUILD_DIR}/${UNLOCALIZED_RESOURCES_FOLDER_PATH}/img_tutorial_pad5.png",
				"${TARGET_BUILD_DIR}/${UNLOCALIZED_RESOURCES_FOLDER_PATH}/img_tutorial_pad5@2x.png",
				"${TARGET_BUILD_DIR}/${UNLOCALIZED_RESOURCES_FOLDER_PATH}/img_tutorial_pad5@3x.png",
				"${TARGET_BUILD_DIR}/${UNLOCALIZED_RESOURCES_FOLDER_PATH}/img_volume.png",
				"${TARGET_BUILD_DIR}/${UNLOCALIZED_RESOURCES_FOLDER_PATH}/img_volume@2x.png",
				"${TARGET_BUILD_DIR}/${UNLOCALIZED_RESOURCES_FOLDER_PATH}/img_volume@3x.png",
				"${TARGET_BUILD_DIR}/${UNLOCALIZED_RESOURCES_FOLDER_PATH}/img_wired_earphone.png",
				"${TARGET_BUILD_DIR}/${UNLOCALIZED_RESOURCES_FOLDER_PATH}/img_wired_earphone@2x.png",
				"${TARGET_BUILD_DIR}/${UNLOCALIZED_RESOURCES_FOLDER_PATH}/img_wired_earphone@3x.png",
				"${TARGET_BUILD_DIR}/${UNLOCALIZED_RESOURCES_FOLDER_PATH}/img_wireless_earphone.png",
				"${TARGET_BUILD_DIR}/${UNLOCALIZED_RESOURCES_FOLDER_PATH}/img_wireless_earphone@2x.png",
				"${TARGET_BUILD_DIR}/${UNLOCALIZED_RESOURCES_FOLDER_PATH}/img_wireless_earphone@3x.png",
				"${TARGET_BUILD_DIR}/${UNLOCALIZED_RESOURCES_FOLDER_PATH}/AiLevelTestKit.bundle",
			);
			runOnlyForDeploymentPostprocessing = 0;
			shellPath = /bin/sh;
			shellScript = "\"${PODS_ROOT}/Target Support Files/Pods-AiLevelTestKit_Example/Pods-AiLevelTestKit_Example-resources.sh\"\n";
			showEnvVarsInLog = 0;
		};
		BD77FF87EC1AE4659EF27EA0 /* [CP] Check Pods Manifest.lock */ = {
			isa = PBXShellScriptBuildPhase;
			buildActionMask = 2147483647;
			files = (
			);
			inputFileListPaths = (
			);
			inputPaths = (
				"${PODS_PODFILE_DIR_PATH}/Podfile.lock",
				"${PODS_ROOT}/Manifest.lock",
			);
			name = "[CP] Check Pods Manifest.lock";
			outputFileListPaths = (
			);
			outputPaths = (
				"$(DERIVED_FILE_DIR)/Pods-AiLevelTestKit_Example-checkManifestLockResult.txt",
			);
			runOnlyForDeploymentPostprocessing = 0;
			shellPath = /bin/sh;
			shellScript = "diff \"${PODS_PODFILE_DIR_PATH}/Podfile.lock\" \"${PODS_ROOT}/Manifest.lock\" > /dev/null\nif [ $? != 0 ] ; then\n    # print error to STDERR\n    echo \"error: The sandbox is not in sync with the Podfile.lock. Run 'pod install' or update your CocoaPods installation.\" >&2\n    exit 1\nfi\n# This output is used by Xcode 'outputs' to avoid re-running this script phase.\necho \"SUCCESS\" > \"${SCRIPT_OUTPUT_FILE_0}\"\n";
			showEnvVarsInLog = 0;
		};
		CB7ECE1CCAD9E910740F1692 /* [CP] Embed Pods Frameworks */ = {
			isa = PBXShellScriptBuildPhase;
			buildActionMask = 2147483647;
			files = (
			);
			inputPaths = (
				"${PODS_ROOT}/Target Support Files/Pods-AiLevelTestKit_Tests/Pods-AiLevelTestKit_Tests-frameworks.sh",
				"${BUILT_PRODUCTS_DIR}/FBSnapshotTestCase/FBSnapshotTestCase.framework",
				"${BUILT_PRODUCTS_DIR}/Nimble/Nimble.framework",
				"${BUILT_PRODUCTS_DIR}/Nimble-Snapshots/Nimble_Snapshots.framework",
				"${BUILT_PRODUCTS_DIR}/Quick/Quick.framework",
				"${BUILT_PRODUCTS_DIR}/iOSSnapshotTestCase/FBSnapshotTestCase.framework",
			);
			name = "[CP] Embed Pods Frameworks";
			outputPaths = (
				"${TARGET_BUILD_DIR}/${FRAMEWORKS_FOLDER_PATH}/FBSnapshotTestCase.framework",
				"${TARGET_BUILD_DIR}/${FRAMEWORKS_FOLDER_PATH}/Nimble.framework",
				"${TARGET_BUILD_DIR}/${FRAMEWORKS_FOLDER_PATH}/Nimble_Snapshots.framework",
				"${TARGET_BUILD_DIR}/${FRAMEWORKS_FOLDER_PATH}/Quick.framework",
			);
			runOnlyForDeploymentPostprocessing = 0;
			shellPath = /bin/sh;
			shellScript = "\"${PODS_ROOT}/Target Support Files/Pods-AiLevelTestKit_Tests/Pods-AiLevelTestKit_Tests-frameworks.sh\"\n";
			showEnvVarsInLog = 0;
		};
/* End PBXShellScriptBuildPhase section */

/* Begin PBXSourcesBuildPhase section */
		607FACCC1AFB9204008FA782 /* Sources */ = {
			isa = PBXSourcesBuildPhase;
			buildActionMask = 2147483647;
			files = (
				318CB758260837C400184B9C /* LoginViewController.swift in Sources */,
				318CB759260837C400184B9C /* TestListViewController.swift in Sources */,
				607FACD61AFB9204008FA782 /* AppDelegate.swift in Sources */,
			);
			runOnlyForDeploymentPostprocessing = 0;
		};
		607FACE11AFB9204008FA782 /* Sources */ = {
			isa = PBXSourcesBuildPhase;
			buildActionMask = 2147483647;
			files = (
				607FACEC1AFB9204008FA782 /* Tests.swift in Sources */,
			);
			runOnlyForDeploymentPostprocessing = 0;
		};
/* End PBXSourcesBuildPhase section */

/* Begin PBXTargetDependency section */
		607FACE71AFB9204008FA782 /* PBXTargetDependency */ = {
			isa = PBXTargetDependency;
			target = 607FACCF1AFB9204008FA782 /* AiLevelTestKit_Example */;
			targetProxy = 607FACE61AFB9204008FA782 /* PBXContainerItemProxy */;
		};
/* End PBXTargetDependency section */

/* Begin PBXVariantGroup section */
		607FACD91AFB9204008FA782 /* Main.storyboard */ = {
			isa = PBXVariantGroup;
			children = (
				607FACDA1AFB9204008FA782 /* Base */,
			);
			name = Main.storyboard;
			sourceTree = "<group>";
		};
		607FACDE1AFB9204008FA782 /* LaunchScreen.xib */ = {
			isa = PBXVariantGroup;
			children = (
				607FACDF1AFB9204008FA782 /* Base */,
			);
			name = LaunchScreen.xib;
			sourceTree = "<group>";
		};
/* End PBXVariantGroup section */

/* Begin XCBuildConfiguration section */
		607FACED1AFB9204008FA782 /* Debug */ = {
			isa = XCBuildConfiguration;
			buildSettings = {
				ALWAYS_SEARCH_USER_PATHS = NO;
				CLANG_CXX_LANGUAGE_STANDARD = "gnu++0x";
				CLANG_CXX_LIBRARY = "libc++";
				CLANG_ENABLE_MODULES = YES;
				CLANG_ENABLE_OBJC_ARC = YES;
				CLANG_WARN_BLOCK_CAPTURE_AUTORELEASING = YES;
				CLANG_WARN_BOOL_CONVERSION = YES;
				CLANG_WARN_COMMA = YES;
				CLANG_WARN_CONSTANT_CONVERSION = YES;
				CLANG_WARN_DIRECT_OBJC_ISA_USAGE = YES_ERROR;
				CLANG_WARN_EMPTY_BODY = YES;
				CLANG_WARN_ENUM_CONVERSION = YES;
				CLANG_WARN_INFINITE_RECURSION = YES;
				CLANG_WARN_INT_CONVERSION = YES;
				CLANG_WARN_NON_LITERAL_NULL_CONVERSION = YES;
				CLANG_WARN_OBJC_LITERAL_CONVERSION = YES;
				CLANG_WARN_OBJC_ROOT_CLASS = YES_ERROR;
				CLANG_WARN_RANGE_LOOP_ANALYSIS = YES;
				CLANG_WARN_STRICT_PROTOTYPES = YES;
				CLANG_WARN_SUSPICIOUS_MOVE = YES;
				CLANG_WARN_UNREACHABLE_CODE = YES;
				CLANG_WARN__DUPLICATE_METHOD_MATCH = YES;
				"CODE_SIGN_IDENTITY[sdk=iphoneos*]" = "iPhone Developer";
				COPY_PHASE_STRIP = NO;
				DEBUG_INFORMATION_FORMAT = "dwarf-with-dsym";
				ENABLE_STRICT_OBJC_MSGSEND = YES;
				ENABLE_TESTABILITY = YES;
				GCC_C_LANGUAGE_STANDARD = gnu99;
				GCC_DYNAMIC_NO_PIC = NO;
				GCC_NO_COMMON_BLOCKS = YES;
				GCC_OPTIMIZATION_LEVEL = 0;
				GCC_PREPROCESSOR_DEFINITIONS = (
					"DEBUG=1",
					"$(inherited)",
				);
				GCC_SYMBOLS_PRIVATE_EXTERN = NO;
				GCC_WARN_64_TO_32_BIT_CONVERSION = YES;
				GCC_WARN_ABOUT_RETURN_TYPE = YES_ERROR;
				GCC_WARN_UNDECLARED_SELECTOR = YES;
				GCC_WARN_UNINITIALIZED_AUTOS = YES_AGGRESSIVE;
				GCC_WARN_UNUSED_FUNCTION = YES;
				GCC_WARN_UNUSED_VARIABLE = YES;
				IPHONEOS_DEPLOYMENT_TARGET = 12.1;
				MTL_ENABLE_DEBUG_INFO = YES;
				ONLY_ACTIVE_ARCH = YES;
				SDKROOT = iphoneos;
				SWIFT_OPTIMIZATION_LEVEL = "-Onone";
			};
			name = Debug;
		};
		607FACEE1AFB9204008FA782 /* Release */ = {
			isa = XCBuildConfiguration;
			buildSettings = {
				ALWAYS_SEARCH_USER_PATHS = NO;
				CLANG_CXX_LANGUAGE_STANDARD = "gnu++0x";
				CLANG_CXX_LIBRARY = "libc++";
				CLANG_ENABLE_MODULES = YES;
				CLANG_ENABLE_OBJC_ARC = YES;
				CLANG_WARN_BLOCK_CAPTURE_AUTORELEASING = YES;
				CLANG_WARN_BOOL_CONVERSION = YES;
				CLANG_WARN_COMMA = YES;
				CLANG_WARN_CONSTANT_CONVERSION = YES;
				CLANG_WARN_DIRECT_OBJC_ISA_USAGE = YES_ERROR;
				CLANG_WARN_EMPTY_BODY = YES;
				CLANG_WARN_ENUM_CONVERSION = YES;
				CLANG_WARN_INFINITE_RECURSION = YES;
				CLANG_WARN_INT_CONVERSION = YES;
				CLANG_WARN_NON_LITERAL_NULL_CONVERSION = YES;
				CLANG_WARN_OBJC_LITERAL_CONVERSION = YES;
				CLANG_WARN_OBJC_ROOT_CLASS = YES_ERROR;
				CLANG_WARN_RANGE_LOOP_ANALYSIS = YES;
				CLANG_WARN_STRICT_PROTOTYPES = YES;
				CLANG_WARN_SUSPICIOUS_MOVE = YES;
				CLANG_WARN_UNREACHABLE_CODE = YES;
				CLANG_WARN__DUPLICATE_METHOD_MATCH = YES;
				"CODE_SIGN_IDENTITY[sdk=iphoneos*]" = "iPhone Developer";
				COPY_PHASE_STRIP = NO;
				DEBUG_INFORMATION_FORMAT = "dwarf-with-dsym";
				ENABLE_NS_ASSERTIONS = NO;
				ENABLE_STRICT_OBJC_MSGSEND = YES;
				GCC_C_LANGUAGE_STANDARD = gnu99;
				GCC_NO_COMMON_BLOCKS = YES;
				GCC_WARN_64_TO_32_BIT_CONVERSION = YES;
				GCC_WARN_ABOUT_RETURN_TYPE = YES_ERROR;
				GCC_WARN_UNDECLARED_SELECTOR = YES;
				GCC_WARN_UNINITIALIZED_AUTOS = YES_AGGRESSIVE;
				GCC_WARN_UNUSED_FUNCTION = YES;
				GCC_WARN_UNUSED_VARIABLE = YES;
				IPHONEOS_DEPLOYMENT_TARGET = 12.1;
				MTL_ENABLE_DEBUG_INFO = NO;
				SDKROOT = iphoneos;
				SWIFT_OPTIMIZATION_LEVEL = "-Owholemodule";
				VALIDATE_PRODUCT = YES;
			};
			name = Release;
		};
		607FACF01AFB9204008FA782 /* Debug */ = {
			isa = XCBuildConfiguration;
			baseConfigurationReference = BE96DD56BC20370BF44CDE23 /* Pods-AiLevelTestKit_Example.debug.xcconfig */;
			buildSettings = {
				ASSETCATALOG_COMPILER_APPICON_NAME = AppIcon;
				CURRENT_PROJECT_VERSION = 1;
				DEVELOPMENT_TEAM = E59YUPDAN4;
				INFOPLIST_FILE = AiLevelTestKit/Info.plist;
				LD_RUNPATH_SEARCH_PATHS = "$(inherited) @executable_path/Frameworks";
				MARKETING_VERSION = 1.0.39;
				MODULE_NAME = ExampleApp;
				OTHER_SWIFT_FLAGS = "$(inherited) -D COCOAPODS";
				PRODUCT_BUNDLE_IDENTIFIER = com.allinoneedu.dev.AiLevelInternalTest;
				PRODUCT_NAME = "$(TARGET_NAME)";
				SWIFT_SWIFT3_OBJC_INFERENCE = Default;
				SWIFT_VERSION = 4.0;
			};
			name = Debug;
		};
		607FACF11AFB9204008FA782 /* Release */ = {
			isa = XCBuildConfiguration;
			baseConfigurationReference = 43BBBB566F343B1220C14E3E /* Pods-AiLevelTestKit_Example.release.xcconfig */;
			buildSettings = {
				ASSETCATALOG_COMPILER_APPICON_NAME = AppIcon;
				CURRENT_PROJECT_VERSION = 1;
				DEVELOPMENT_TEAM = E59YUPDAN4;
				INFOPLIST_FILE = AiLevelTestKit/Info.plist;
				LD_RUNPATH_SEARCH_PATHS = "$(inherited) @executable_path/Frameworks";
				MARKETING_VERSION = 1.0.39;
				MODULE_NAME = ExampleApp;
				OTHER_SWIFT_FLAGS = "$(inherited) -D COCOAPODS";
				PRODUCT_BUNDLE_IDENTIFIER = com.allinoneedu.dev.AiLevelInternalTest;
				PRODUCT_NAME = "$(TARGET_NAME)";
				SWIFT_SWIFT3_OBJC_INFERENCE = Default;
				SWIFT_VERSION = 4.0;
			};
			name = Release;
		};
		607FACF31AFB9204008FA782 /* Debug */ = {
			isa = XCBuildConfiguration;
			baseConfigurationReference = E8E3B7FA0625B4B5718A92E9 /* Pods-AiLevelTestKit_Tests.debug.xcconfig */;
			buildSettings = {
				"CODE_SIGN_IDENTITY[sdk=macosx*]" = "Apple Development";
				DEVELOPMENT_TEAM = E59YUPDAN4;
				FRAMEWORK_SEARCH_PATHS = (
					"$(PLATFORM_DIR)/Developer/Library/Frameworks",
					"$(inherited)",
				);
				GCC_PREPROCESSOR_DEFINITIONS = (
					"DEBUG=1",
					"$(inherited)",
				);
				INFOPLIST_FILE = Tests/Info.plist;
				LD_RUNPATH_SEARCH_PATHS = "$(inherited) @executable_path/Frameworks @loader_path/Frameworks";
				PRODUCT_BUNDLE_IDENTIFIER = "org.cocoapods.$(PRODUCT_NAME:rfc1034identifier)";
				PRODUCT_NAME = "$(TARGET_NAME)";
				SWIFT_SWIFT3_OBJC_INFERENCE = Default;
				SWIFT_VERSION = 4.0;
				TEST_HOST = "$(BUILT_PRODUCTS_DIR)/AiLevelTestKit_Example.app/AiLevelTestKit_Example";
			};
			name = Debug;
		};
		607FACF41AFB9204008FA782 /* Release */ = {
			isa = XCBuildConfiguration;
			baseConfigurationReference = 9A4B509DE7128B6D82167120 /* Pods-AiLevelTestKit_Tests.release.xcconfig */;
			buildSettings = {
				"CODE_SIGN_IDENTITY[sdk=macosx*]" = "Apple Development";
				DEVELOPMENT_TEAM = E59YUPDAN4;
				FRAMEWORK_SEARCH_PATHS = (
					"$(PLATFORM_DIR)/Developer/Library/Frameworks",
					"$(inherited)",
				);
				INFOPLIST_FILE = Tests/Info.plist;
				LD_RUNPATH_SEARCH_PATHS = "$(inherited) @executable_path/Frameworks @loader_path/Frameworks";
				PRODUCT_BUNDLE_IDENTIFIER = "org.cocoapods.$(PRODUCT_NAME:rfc1034identifier)";
				PRODUCT_NAME = "$(TARGET_NAME)";
				SWIFT_SWIFT3_OBJC_INFERENCE = Default;
				SWIFT_VERSION = 4.0;
				TEST_HOST = "$(BUILT_PRODUCTS_DIR)/AiLevelTestKit_Example.app/AiLevelTestKit_Example";
			};
			name = Release;
		};
/* End XCBuildConfiguration section */

/* Begin XCConfigurationList section */
		607FACCB1AFB9204008FA782 /* Build configuration list for PBXProject "AiLevelTestKit" */ = {
			isa = XCConfigurationList;
			buildConfigurations = (
				607FACED1AFB9204008FA782 /* Debug */,
				607FACEE1AFB9204008FA782 /* Release */,
			);
			defaultConfigurationIsVisible = 0;
			defaultConfigurationName = Release;
		};
		607FACEF1AFB9204008FA782 /* Build configuration list for PBXNativeTarget "AiLevelTestKit_Example" */ = {
			isa = XCConfigurationList;
			buildConfigurations = (
				607FACF01AFB9204008FA782 /* Debug */,
				607FACF11AFB9204008FA782 /* Release */,
			);
			defaultConfigurationIsVisible = 0;
			defaultConfigurationName = Release;
		};
		607FACF21AFB9204008FA782 /* Build configuration list for PBXNativeTarget "AiLevelTestKit_Tests" */ = {
			isa = XCConfigurationList;
			buildConfigurations = (
				607FACF31AFB9204008FA782 /* Debug */,
				607FACF41AFB9204008FA782 /* Release */,
			);
			defaultConfigurationIsVisible = 0;
			defaultConfigurationName = Release;
		};
/* End XCConfigurationList section */
	};
	rootObject = 607FACC81AFB9204008FA782 /* Project object */;
}
